
Microsoft Visual Studio Solution File, Format Version 12.00
# Visual Studio Version 17
VisualStudioVersion = 17.8.34219.65
MinimumVisualStudioVersion = 10.0.40219.1
Project("{FAE04EC0-301F-11D3-BF4B-00C04F79EFBC}") = "PDFViewerSample", "PDFViewerSample\PDFViewerSample.csproj", "{064CF996-EDA8-4508-A316-AE012F7AFB6D}"
EndProject
Global
	GlobalSection(SolutionConfigurationPlatforms) = preSolution
		Debug|Any CPU = Debug|Any CPU
		Release|Any CPU = Release|Any CPU
	EndGlobalSection
	GlobalSection(ProjectConfigurationPlatforms) = postSolution
		{064CF996-EDA8-4508-A316-AE012F7AFB6D}.Debug|Any CPU.ActiveCfg = Debug|Any CPU
		{064CF996-EDA8-4508-A316-AE012F7AFB6D}.Debug|Any CPU.Build.0 = Debug|Any CPU
		{064CF996-EDA8-4508-A316-AE012F7AFB6D}.Release|Any CPU.ActiveCfg = Release|Any CPU
		{064CF996-EDA8-4508-A316-AE012F7AFB6D}.Release|Any CPU.Build.0 = Release|Any CPU
	EndGlobalSection
	GlobalSection(SolutionProperties) = preSolution
		HideSolutionNode = FALSE
	EndGlobalSection
	GlobalSection(ExtensibilityGlobals) = postSolution
		SolutionGuid = {0AA283D5-45D1-4615-9734-15D7907F014A}
	EndGlobalSection
EndGlobal
